// !$*UTF8*$!
{
	archiveVersion = 1;
	classes = {
	};
	objectVersion = 46;
	objects = {

/* Begin PBXBuildFile section */
		FB3712E01D9CD02B00F3FC05 /* MyUtils.swift in Sources */ = {isa = PBXBuildFile; fileRef = FB3712DF1D9CD02B00F3FC05 /* MyUtils.swift */; };
		FB85C6DD1D98EA9E00603B28 /* AppDelegate.swift in Sources */ = {isa = PBXBuildFile; fileRef = FB85C6DC1D98EA9E00603B28 /* AppDelegate.swift */; };
		FB85C6E11D98EA9E00603B28 /* GameScene.swift in Sources */ = {isa = PBXBuildFile; fileRef = FB85C6E01D98EA9E00603B28 /* GameScene.swift */; };
		FB85C6E31D98EA9E00603B28 /* GameViewController.swift in Sources */ = {isa = PBXBuildFile; fileRef = FB85C6E21D98EA9E00603B28 /* GameViewController.swift */; };
		FB85C6E61D98EA9E00603B28 /* Main.storyboard in Resources */ = {isa = PBXBuildFile; fileRef = FB85C6E41D98EA9E00603B28 /* Main.storyboard */; };
		FB85C6E81D98EA9E00603B28 /* Assets.xcassets in Resources */ = {isa = PBXBuildFile; fileRef = FB85C6E71D98EA9E00603B28 /* Assets.xcassets */; };
		FB85C6EB1D98EA9E00603B28 /* LaunchScreen.storyboard in Resources */ = {isa = PBXBuildFile; fileRef = FB85C6E91D98EA9E00603B28 /* LaunchScreen.storyboard */; };
		FB85C6F61D98EA9E00603B28 /* ZombieCongaTests.swift in Sources */ = {isa = PBXBuildFile; fileRef = FB85C6F51D98EA9E00603B28 /* ZombieCongaTests.swift */; };
		FB85C7011D98EA9E00603B28 /* ZombieCongaUITests.swift in Sources */ = {isa = PBXBuildFile; fileRef = FB85C7001D98EA9E00603B28 /* ZombieCongaUITests.swift */; };
/* End PBXBuildFile section */

/* Begin PBXContainerItemProxy section */
		FB85C6F21D98EA9E00603B28 /* PBXContainerItemProxy */ = {
			isa = PBXContainerItemProxy;
			containerPortal = FB85C6D11D98EA9E00603B28 /* Project object */;
			proxyType = 1;
			remoteGlobalIDString = FB85C6D81D98EA9E00603B28;
			remoteInfo = ZombieConga;
		};
		FB85C6FD1D98EA9E00603B28 /* PBXContainerItemProxy */ = {
			isa = PBXContainerItemProxy;
			containerPortal = FB85C6D11D98EA9E00603B28 /* Project object */;
			proxyType = 1;
			remoteGlobalIDString = FB85C6D81D98EA9E00603B28;
			remoteInfo = ZombieConga;
		};
/* End PBXContainerItemProxy section */

/* Begin PBXFileReference section */
		FB3712DF1D9CD02B00F3FC05 /* MyUtils.swift */ = {isa = PBXFileReference; fileEncoding = 4; lastKnownFileType = sourcecode.swift; path = MyUtils.swift; sourceTree = "<group>"; };
		FB85C6D91D98EA9E00603B28 /* ZombieConga.app */ = {isa = PBXFileReference; explicitFileType = wrapper.application; includeInIndex = 0; path = ZombieConga.app; sourceTree = BUILT_PRODUCTS_DIR; };
		FB85C6DC1D98EA9E00603B28 /* AppDelegate.swift */ = {isa = PBXFileReference; lastKnownFileType = sourcecode.swift; path = AppDelegate.swift; sourceTree = "<group>"; };
		FB85C6E01D98EA9E00603B28 /* GameScene.swift */ = {isa = PBXFileReference; lastKnownFileType = sourcecode.swift; path = GameScene.swift; sourceTree = "<group>"; };
		FB85C6E21D98EA9E00603B28 /* GameViewController.swift */ = {isa = PBXFileReference; lastKnownFileType = sourcecode.swift; path = GameViewController.swift; sourceTree = "<group>"; };
		FB85C6E51D98EA9E00603B28 /* Base */ = {isa = PBXFileReference; lastKnownFileType = file.storyboard; name = Base; path = Base.lproj/Main.storyboard; sourceTree = "<group>"; };
		FB85C6E71D98EA9E00603B28 /* Assets.xcassets */ = {isa = PBXFileReference; lastKnownFileType = folder.assetcatalog; path = Assets.xcassets; sourceTree = "<group>"; };
		FB85C6EA1D98EA9E00603B28 /* Base */ = {isa = PBXFileReference; lastKnownFileType = file.storyboard; name = Base; path = Base.lproj/LaunchScreen.storyboard; sourceTree = "<group>"; };
		FB85C6EC1D98EA9E00603B28 /* Info.plist */ = {isa = PBXFileReference; lastKnownFileType = text.plist.xml; path = Info.plist; sourceTree = "<group>"; };
		FB85C6F11D98EA9E00603B28 /* ZombieCongaTests.xctest */ = {isa = PBXFileReference; explicitFileType = wrapper.cfbundle; includeInIndex = 0; path = ZombieCongaTests.xctest; sourceTree = BUILT_PRODUCTS_DIR; };
		FB85C6F51D98EA9E00603B28 /* ZombieCongaTests.swift */ = {isa = PBXFileReference; lastKnownFileType = sourcecode.swift; path = ZombieCongaTests.swift; sourceTree = "<group>"; };
		FB85C6F71D98EA9E00603B28 /* Info.plist */ = {isa = PBXFileReference; lastKnownFileType = text.plist.xml; path = Info.plist; sourceTree = "<group>"; };
		FB85C6FC1D98EA9E00603B28 /* ZombieCongaUITests.xctest */ = {isa = PBXFileReference; explicitFileType = wrapper.cfbundle; includeInIndex = 0; path = ZombieCongaUITests.xctest; sourceTree = BUILT_PRODUCTS_DIR; };
		FB85C7001D98EA9E00603B28 /* ZombieCongaUITests.swift */ = {isa = PBXFileReference; lastKnownFileType = sourcecode.swift; path = ZombieCongaUITests.swift; sourceTree = "<group>"; };
		FB85C7021D98EA9E00603B28 /* Info.plist */ = {isa = PBXFileReference; lastKnownFileType = text.plist.xml; path = Info.plist; sourceTree = "<group>"; };
/* End PBXFileReference section */

/* Begin PBXFrameworksBuildPhase section */
		FB85C6D61D98EA9E00603B28 /* Frameworks */ = {
			isa = PBXFrameworksBuildPhase;
			buildActionMask = 2147483647;
			files = (
			);
			runOnlyForDeploymentPostprocessing = 0;
		};
		FB85C6EE1D98EA9E00603B28 /* Frameworks */ = {
			isa = PBXFrameworksBuildPhase;
			buildActionMask = 2147483647;
			files = (
			);
			runOnlyForDeploymentPostprocessing = 0;
		};
		FB85C6F91D98EA9E00603B28 /* Frameworks */ = {
			isa = PBXFrameworksBuildPhase;
			buildActionMask = 2147483647;
			files = (
			);
			runOnlyForDeploymentPostprocessing = 0;
		};
/* End PBXFrameworksBuildPhase section */

/* Begin PBXGroup section */
		FB85C6D01D98EA9E00603B28 = {
			isa = PBXGroup;
			children = (
				FB85C6DB1D98EA9E00603B28 /* ZombieConga */,
				FB85C6F41D98EA9E00603B28 /* ZombieCongaTests */,
				FB85C6FF1D98EA9E00603B28 /* ZombieCongaUITests */,
				FB85C6DA1D98EA9E00603B28 /* Products */,
			);
			sourceTree = "<group>";
		};
		FB85C6DA1D98EA9E00603B28 /* Products */ = {
			isa = PBXGroup;
			children = (
				FB85C6D91D98EA9E00603B28 /* ZombieConga.app */,
				FB85C6F11D98EA9E00603B28 /* ZombieCongaTests.xctest */,
				FB85C6FC1D98EA9E00603B28 /* ZombieCongaUITests.xctest */,
			);
			name = Products;
			sourceTree = "<group>";
		};
		FB85C6DB1D98EA9E00603B28 /* ZombieConga */ = {
			isa = PBXGroup;
			children = (
				FB3712DF1D9CD02B00F3FC05 /* MyUtils.swift */,
				FB85C6DC1D98EA9E00603B28 /* AppDelegate.swift */,
				FB85C6E01D98EA9E00603B28 /* GameScene.swift */,
				FB85C6E21D98EA9E00603B28 /* GameViewController.swift */,
				FB85C6E41D98EA9E00603B28 /* Main.storyboard */,
				FB85C6E71D98EA9E00603B28 /* Assets.xcassets */,
				FB85C6E91D98EA9E00603B28 /* LaunchScreen.storyboard */,
				FB85C6EC1D98EA9E00603B28 /* Info.plist */,
			);
			path = ZombieConga;
			sourceTree = "<group>";
		};
		FB85C6F41D98EA9E00603B28 /* ZombieCongaTests */ = {
			isa = PBXGroup;
			children = (
				FB85C6F51D98EA9E00603B28 /* ZombieCongaTests.swift */,
				FB85C6F71D98EA9E00603B28 /* Info.plist */,
			);
			path = ZombieCongaTests;
			sourceTree = "<group>";
		};
		FB85C6FF1D98EA9E00603B28 /* ZombieCongaUITests */ = {
			isa = PBXGroup;
			children = (
				FB85C7001D98EA9E00603B28 /* ZombieCongaUITests.swift */,
				FB85C7021D98EA9E00603B28 /* Info.plist */,
			);
			path = ZombieCongaUITests;
			sourceTree = "<group>";
		};
/* End PBXGroup section */

/* Begin PBXNativeTarget section */
		FB85C6D81D98EA9E00603B28 /* ZombieConga */ = {
			isa = PBXNativeTarget;
			buildConfigurationList = FB85C7051D98EA9E00603B28 /* Build configuration list for PBXNativeTarget "ZombieConga" */;
			buildPhases = (
				FB85C6D51D98EA9E00603B28 /* Sources */,
				FB85C6D61D98EA9E00603B28 /* Frameworks */,
				FB85C6D71D98EA9E00603B28 /* Resources */,
			);
			buildRules = (
			);
			dependencies = (
			);
			name = ZombieConga;
			productName = ZombieConga;
			productReference = FB85C6D91D98EA9E00603B28 /* ZombieConga.app */;
			productType = "com.apple.product-type.application";
		};
		FB85C6F01D98EA9E00603B28 /* ZombieCongaTests */ = {
			isa = PBXNativeTarget;
			buildConfigurationList = FB85C7081D98EA9E00603B28 /* Build configuration list for PBXNativeTarget "ZombieCongaTests" */;
			buildPhases = (
				FB85C6ED1D98EA9E00603B28 /* Sources */,
				FB85C6EE1D98EA9E00603B28 /* Frameworks */,
				FB85C6EF1D98EA9E00603B28 /* Resources */,
			);
			buildRules = (
			);
			dependencies = (
				FB85C6F31D98EA9E00603B28 /* PBXTargetDependency */,
			);
			name = ZombieCongaTests;
			productName = ZombieCongaTests;
			productReference = FB85C6F11D98EA9E00603B28 /* ZombieCongaTests.xctest */;
			productType = "com.apple.product-type.bundle.unit-test";
		};
		FB85C6FB1D98EA9E00603B28 /* ZombieCongaUITests */ = {
			isa = PBXNativeTarget;
			buildConfigurationList = FB85C70B1D98EA9E00603B28 /* Build configuration list for PBXNativeTarget "ZombieCongaUITests" */;
			buildPhases = (
				FB85C6F81D98EA9E00603B28 /* Sources */,
				FB85C6F91D98EA9E00603B28 /* Frameworks */,
				FB85C6FA1D98EA9E00603B28 /* Resources */,
			);
			buildRules = (
			);
			dependencies = (
				FB85C6FE1D98EA9E00603B28 /* PBXTargetDependency */,
			);
			name = ZombieCongaUITests;
			productName = ZombieCongaUITests;
			productReference = FB85C6FC1D98EA9E00603B28 /* ZombieCongaUITests.xctest */;
			productType = "com.apple.product-type.bundle.ui-testing";
		};
/* End PBXNativeTarget section */

/* Begin PBXProject section */
		FB85C6D11D98EA9E00603B28 /* Project object */ = {
			isa = PBXProject;
			attributes = {
				LastSwiftUpdateCheck = 0730;
				LastUpgradeCheck = 0730;
				ORGANIZATIONNAME = "Tang Kit";
				TargetAttributes = {
					FB85C6D81D98EA9E00603B28 = {
						CreatedOnToolsVersion = 7.3.1;
					};
					FB85C6F01D98EA9E00603B28 = {
						CreatedOnToolsVersion = 7.3.1;
						TestTargetID = FB85C6D81D98EA9E00603B28;
					};
					FB85C6FB1D98EA9E00603B28 = {
						CreatedOnToolsVersion = 7.3.1;
						TestTargetID = FB85C6D81D98EA9E00603B28;
					};
				};
			};
			buildConfigurationList = FB85C6D41D98EA9E00603B28 /* Build configuration list for PBXProject "ZombieConga" */;
			compatibilityVersion = "Xcode 3.2";
			developmentRegion = English;
			hasScannedForEncodings = 0;
			knownRegions = (
				en,
				Base,
			);
			mainGroup = FB85C6D01D98EA9E00603B28;
			productRefGroup = FB85C6DA1D98EA9E00603B28 /* Products */;
			projectDirPath = "";
			projectRoot = "";
			targets = (
				FB85C6D81D98EA9E00603B28 /* ZombieConga */,
				FB85C6F01D98EA9E00603B28 /* ZombieCongaTests */,
				FB85C6FB1D98EA9E00603B28 /* ZombieCongaUITests */,
			);
		};
/* End PBXProject section */

/* Begin PBXResourcesBuildPhase section */
		FB85C6D71D98EA9E00603B28 /* Resources */ = {
			isa = PBXResourcesBuildPhase;
			buildActionMask = 2147483647;
			files = (
				FB85C6EB1D98EA9E00603B28 /* LaunchScreen.storyboard in Resources */,
				FB85C6E81D98EA9E00603B28 /* Assets.xcassets in Resources */,
				FB85C6E61D98EA9E00603B28 /* Main.storyboard in Resources */,
			);
			runOnlyForDeploymentPostprocessing = 0;
		};
		FB85C6EF1D98EA9E00603B28 /* Resources */ = {
			isa = PBXResourcesBuildPhase;
			buildActionMask = 2147483647;
			files = (
			);
			runOnlyForDeploymentPostprocessing = 0;
		};
		FB85C6FA1D98EA9E00603B28 /* Resources */ = {
			isa = PBXResourcesBuildPhase;
			buildActionMask = 2147483647;
			files = (
			);
			runOnlyForDeploymentPostprocessing = 0;
		};
/* End PBXResourcesBuildPhase section */

/* Begin PBXSourcesBuildPhase section */
		FB85C6D51D98EA9E00603B28 /* Sources */ = {
			isa = PBXSourcesBuildPhase;
			buildActionMask = 2147483647;
			files = (
				FB85C6E11D98EA9E00603B28 /* GameScene.swift in Sources */,
				FB85C6E31D98EA9E00603B28 /* GameViewController.swift in Sources */,
				FB85C6DD1D98EA9E00603B28 /* AppDelegate.swift in Sources */,
				FB3712E01D9CD02B00F3FC05 /* MyUtils.swift in Sources */,
			);
			runOnlyForDeploymentPostprocessing = 0;
		};
		FB85C6ED1D98EA9E00603B28 /* Sources */ = {
			isa = PBXSourcesBuildPhase;
			buildActionMask = 2147483647;
			files = (
				FB85C6F61D98EA9E00603B28 /* ZombieCongaTests.swift in Sources */,
			);
			runOnlyForDeploymentPostprocessing = 0;
		};
		FB85C6F81D98EA9E00603B28 /* Sources */ = {
			isa = PBXSourcesBuildPhase;
			buildActionMask = 2147483647;
			files = (
				FB85C7011D98EA9E00603B28 /* ZombieCongaUITests.swift in Sources */,
			);
			runOnlyForDeploymentPostprocessing = 0;
		};
/* End PBXSourcesBuildPhase section */

/* Begin PBXTargetDependency section */
		FB85C6F31D98EA9E00603B28 /* PBXTargetDependency */ = {
			isa = PBXTargetDependency;
			target = FB85C6D81D98EA9E00603B28 /* ZombieConga */;
			targetProxy = FB85C6F21D98EA9E00603B28 /* PBXContainerItemProxy */;
		};
		FB85C6FE1D98EA9E00603B28 /* PBXTargetDependency */ = {
			isa = PBXTargetDependency;
			target = FB85C6D81D98EA9E00603B28 /* ZombieConga */;
			targetProxy = FB85C6FD1D98EA9E00603B28 /* PBXContainerItemProxy */;
		};
/* End PBXTargetDependency section */

/* Begin PBXVariantGroup section */
		FB85C6E41D98EA9E00603B28 /* Main.storyboard */ = {
			isa = PBXVariantGroup;
			children = (
				FB85C6E51D98EA9E00603B28 /* Base */,
			);
			name = Main.storyboard;
			sourceTree = "<group>";
		};
		FB85C6E91D98EA9E00603B28 /* LaunchScreen.storyboard */ = {
			isa = PBXVariantGroup;
			children = (
				FB85C6EA1D98EA9E00603B28 /* Base */,
			);
			name = LaunchScreen.storyboard;
			sourceTree = "<group>";
		};
/* End PBXVariantGroup section */

/* Begin XCBuildConfiguration section */
		FB85C7031D98EA9E00603B28 /* Debug */ = {
			isa = XCBuildConfiguration;
			buildSettings = {
				ALWAYS_SEARCH_USER_PATHS = NO;
				CLANG_ANALYZER_NONNULL = YES;
				CLANG_CXX_LANGUAGE_STANDARD = "gnu++0x";
				CLANG_CXX_LIBRARY = "libc++";
				CLANG_ENABLE_MODULES = YES;
				CLANG_ENABLE_OBJC_ARC = YES;
				CLANG_WARN_BOOL_CONVERSION = YES;
				CLANG_WARN_CONSTANT_CONVERSION = YES;
				CLANG_WARN_DIRECT_OBJC_ISA_USAGE = YES_ERROR;
				CLANG_WARN_EMPTY_BODY = YES;
				CLANG_WARN_ENUM_CONVERSION = YES;
				CLANG_WARN_INT_CONVERSION = YES;
				CLANG_WARN_OBJC_ROOT_CLASS = YES_ERROR;
				CLANG_WARN_UNREACHABLE_CODE = YES;
				CLANG_WARN__DUPLICATE_METHOD_MATCH = YES;
				"CODE_SIGN_IDENTITY[sdk=iphoneos*]" = "iPhone Developer";
				COPY_PHASE_STRIP = NO;
				DEBUG_INFORMATION_FORMAT = "dwarf-with-dsym";
				ENABLE_STRICT_OBJC_MSGSEND = YES;
				ENABLE_TESTABILITY = YES;
				GCC_C_LANGUAGE_STANDARD = gnu99;
				GCC_DYNAMIC_NO_PIC = NO;
				GCC_NO_COMMON_BLOCKS = YES;
				GCC_OPTIMIZATION_LEVEL = 0;
				GCC_PREPROCESSOR_DEFINITIONS = (
					"DEBUG=1",
					"$(inherited)",
				);
				GCC_WARN_64_TO_32_BIT_CONVERSION = YES;
				GCC_WARN_ABOUT_RETURN_TYPE = YES_ERROR;
				GCC_WARN_UNDECLARED_SELECTOR = YES;
				GCC_WARN_UNINITIALIZED_AUTOS = YES_AGGRESSIVE;
				GCC_WARN_UNUSED_FUNCTION = YES;
				GCC_WARN_UNUSED_VARIABLE = YES;
				IPHONEOS_DEPLOYMENT_TARGET = 9.3;
				MTL_ENABLE_DEBUG_INFO = YES;
				ONLY_ACTIVE_ARCH = YES;
				SDKROOT = iphoneos;
				SWIFT_OPTIMIZATION_LEVEL = "-Onone";
				TARGETED_DEVICE_FAMILY = "1,2";
			};
			name = Debug;
		};
		FB85C7041D98EA9E00603B28 /* Release */ = {
			isa = XCBuildConfiguration;
			buildSettings = {
				ALWAYS_SEARCH_USER_PATHS = NO;
				CLANG_ANALYZER_NONNULL = YES;
				CLANG_CXX_LANGUAGE_STANDARD = "gnu++0x";
				CLANG_CXX_LIBRARY = "libc++";
				CLANG_ENABLE_MODULES = YES;
				CLANG_ENABLE_OBJC_ARC = YES;
				CLANG_WARN_BOOL_CONVERSION = YES;
				CLANG_WARN_CONSTANT_CONVERSION = YES;
				CLANG_WARN_DIRECT_OBJC_ISA_USAGE = YES_ERROR;
				CLANG_WARN_EMPTY_BODY = YES;
				CLANG_WARN_ENUM_CONVERSION = YES;
				CLANG_WARN_INT_CONVERSION = YES;
				CLANG_WARN_OBJC_ROOT_CLASS = YES_ERROR;
				CLANG_WARN_UNREACHABLE_CODE = YES;
				CLANG_WARN__DUPLICATE_METHOD_MATCH = YES;
				"CODE_SIGN_IDENTITY[sdk=iphoneos*]" = "iPhone Developer";
				COPY_PHASE_STRIP = NO;
				DEBUG_INFORMATION_FORMAT = "dwarf-with-dsym";
				ENABLE_NS_ASSERTIONS = NO;
				ENABLE_STRICT_OBJC_MSGSEND = YES;
				GCC_C_LANGUAGE_STANDARD = gnu99;
				GCC_NO_COMMON_BLOCKS = YES;
				GCC_WARN_64_TO_32_BIT_CONVERSION = YES;
				GCC_WARN_ABOUT_RETURN_TYPE = YES_ERROR;
				GCC_WARN_UNDECLARED_SELECTOR = YES;
				GCC_WARN_UNINITIALIZED_AUTOS = YES_AGGRESSIVE;
				GCC_WARN_UNUSED_FUNCTION = YES;
				GCC_WARN_UNUSED_VARIABLE = YES;
				IPHONEOS_DEPLOYMENT_TARGET = 9.3;
				MTL_ENABLE_DEBUG_INFO = NO;
				SDKROOT = iphoneos;
				TARGETED_DEVICE_FAMILY = "1,2";
				VALIDATE_PRODUCT = YES;
			};
			name = Release;
		};
		FB85C7061D98EA9E00603B28 /* Debug */ = {
			isa = XCBuildConfiguration;
			buildSettings = {
				ASSETCATALOG_COMPILER_APPICON_NAME = AppIcon;
				INFOPLIST_FILE = ZombieConga/Info.plist;
				LD_RUNPATH_SEARCH_PATHS = "$(inherited) @executable_path/Frameworks";
				PRODUCT_BUNDLE_IDENTIFIER = com.tangkit.ZombieConga;
				PRODUCT_NAME = "$(TARGET_NAME)";
			};
			name = Debug;
		};
		FB85C7071D98EA9E00603B28 /* Release */ = {
			isa = XCBuildConfiguration;
			buildSettings = {
				ASSETCATALOG_COMPILER_APPICON_NAME = AppIcon;
				INFOPLIST_FILE = ZombieConga/Info.plist;
				LD_RUNPATH_SEARCH_PATHS = "$(inherited) @executable_path/Frameworks";
				PRODUCT_BUNDLE_IDENTIFIER = com.tangkit.ZombieConga;
				PRODUCT_NAME = "$(TARGET_NAME)";
			};
			name = Release;
		};
		FB85C7091D98EA9E00603B28 /* Debug */ = {
			isa = XCBuildConfiguration;
			buildSettings = {
				BUNDLE_LOADER = "$(TEST_HOST)";
				DEBUG_INFORMATION_FORMAT = dwarf;
				INFOPLIST_FILE = ZombieCongaTests/Info.plist;
				LD_RUNPATH_SEARCH_PATHS = "$(inherited) @executable_path/Frameworks @loader_path/Frameworks";
				PRODUCT_BUNDLE_IDENTIFIER = com.tangkit.ZombieCongaTests;
				PRODUCT_NAME = "$(TARGET_NAME)";
				TEST_HOST = "$(BUILT_PRODUCTS_DIR)/ZombieConga.app/ZombieConga";
			};
			name = Debug;
		};
		FB85C70A1D98EA9E00603B28 /* Release */ = {
			isa = XCBuildConfiguration;
			buildSettings = {
				BUNDLE_LOADER = "$(TEST_HOST)";
				INFOPLIST_FILE = ZombieCongaTests/Info.plist;
				LD_RUNPATH_SEARCH_PATHS = "$(inherited) @executable_path/Frameworks @loader_path/Frameworks";
				PRODUCT_BUNDLE_IDENTIFIER = com.tangkit.ZombieCongaTests;
				PRODUCT_NAME = "$(TARGET_NAME)";
				TEST_HOST = "$(BUILT_PRODUCTS_DIR)/ZombieConga.app/ZombieConga";
			};
			name = Release;
		};
		FB85C70C1D98EA9E00603B28 /* Debug */ = {
			isa = XCBuildConfiguration;
			buildSettings = {
				DEBUG_INFORMATION_FORMAT = dwarf;
				INFOPLIST_FILE = ZombieCongaUITests/Info.plist;
				LD_RUNPATH_SEARCH_PATHS = "$(inherited) @executable_path/Frameworks @loader_path/Frameworks";
				PRODUCT_BUNDLE_IDENTIFIER = com.tangkit.ZombieCongaUITests;
				PRODUCT_NAME = "$(TARGET_NAME)";
				TEST_TARGET_NAME = ZombieConga;
			};
			name = Debug;
		};
		FB85C70D1D98EA9E00603B28 /* Release */ = {
			isa = XCBuildConfiguration;
			buildSettings = {
				INFOPLIST_FILE = ZombieCongaUITests/Info.plist;
				LD_RUNPATH_SEARCH_PATHS = "$(inherited) @executable_path/Frameworks @loader_path/Frameworks";
				PRODUCT_BUNDLE_IDENTIFIER = com.tangkit.ZombieCongaUITests;
				PRODUCT_NAME = "$(TARGET_NAME)";
				TEST_TARGET_NAME = ZombieConga;
			};
			name = Release;
		};
/* End XCBuildConfiguration section */

/* Begin XCConfigurationList section */
		FB85C6D41D98EA9E00603B28 /* Build configuration list for PBXProject "ZombieConga" */ = {
			isa = XCConfigurationList;
			buildConfigurations = (
				FB85C7031D98EA9E00603B28 /* Debug */,
				FB85C7041D98EA9E00603B28 /* Release */,
			);
			defaultConfigurationIsVisible = 0;
			defaultConfigurationName = Release;
		};
		FB85C7051D98EA9E00603B28 /* Build configuration list for PBXNativeTarget "ZombieConga" */ = {
			isa = XCConfigurationList;
			buildConfigurations = (
				FB85C7061D98EA9E00603B28 /* Debug */,
				FB85C7071D98EA9E00603B28 /* Release */,
			);
			defaultConfigurationIsVisible = 0;
			defaultConfigurationName = Release;
		};
		FB85C7081D98EA9E00603B28 /* Build configuration list for PBXNativeTarget "ZombieCongaTests" */ = {
			isa = XCConfigurationList;
			buildConfigurations = (
				FB85C7091D98EA9E00603B28 /* Debug */,
				FB85C70A1D98EA9E00603B28 /* Release */,
			);
			defaultConfigurationIsVisible = 0;
			defaultConfigurationName = Release;
		};
		FB85C70B1D98EA9E00603B28 /* Build configuration list for PBXNativeTarget "ZombieCongaUITests" */ = {
			isa = XCConfigurationList;
			buildConfigurations = (
				FB85C70C1D98EA9E00603B28 /* Debug */,
				FB85C70D1D98EA9E00603B28 /* Release */,
			);
			defaultConfigurationIsVisible = 0;
			defaultConfigurationName = Release;
		};
/* End XCConfigurationList section */
	};
	rootObject = FB85C6D11D98EA9E00603B28 /* Project object */;
}
